// !$*UTF8*$!
{
	archiveVersion = 1;
	classes = {
	};
	objectVersion = 56;
	objects = {

/* Begin PBXBuildFile section */
		5234D26B2C7D3A0C00C8FD82 /* AppDelegate.swift in Sources */ = {isa = PBXBuildFile; fileRef = 5234D26A2C7D3A0C00C8FD82 /* AppDelegate.swift */; };
		5234D26D2C7D3A0C00C8FD82 /* SceneDelegate.swift in Sources */ = {isa = PBXBuildFile; fileRef = 5234D26C2C7D3A0C00C8FD82 /* SceneDelegate.swift */; };
		5234D26F2C7D3A0C00C8FD82 /* ViewController.swift in Sources */ = {isa = PBXBuildFile; fileRef = 5234D26E2C7D3A0C00C8FD82 /* ViewController.swift */; };
		5234D2722C7D3A0C00C8FD82 /* Main.storyboard in Resources */ = {isa = PBXBuildFile; fileRef = 5234D2702C7D3A0C00C8FD82 /* Main.storyboard */; };
		5234D2742C7D3A0E00C8FD82 /* Assets.xcassets in Resources */ = {isa = PBXBuildFile; fileRef = 5234D2732C7D3A0E00C8FD82 /* Assets.xcassets */; };
		5234D2772C7D3A0E00C8FD82 /* LaunchScreen.storyboard in Resources */ = {isa = PBXBuildFile; fileRef = 5234D2752C7D3A0E00C8FD82 /* LaunchScreen.storyboard */; };
		5234D27F2C7D3B5E00C8FD82 /* JogosTableViewController.swift in Sources */ = {isa = PBXBuildFile; fileRef = 5234D27E2C7D3B5E00C8FD82 /* JogosTableViewController.swift */; };
/* End PBXBuildFile section */

/* Begin PBXFileReference section */
		5234D2672C7D3A0C00C8FD82 /* Exercicio Fixacacao.app */ = {isa = PBXFileReference; explicitFileType = wrapper.application; includeInIndex = 0; path = "Exercicio Fixacacao.app"; sourceTree = BUILT_PRODUCTS_DIR; };
		5234D26A2C7D3A0C00C8FD82 /* AppDelegate.swift */ = {isa = PBXFileReference; lastKnownFileType = sourcecode.swift; path = AppDelegate.swift; sourceTree = "<group>"; };
		5234D26C2C7D3A0C00C8FD82 /* SceneDelegate.swift */ = {isa = PBXFileReference; lastKnownFileType = sourcecode.swift; path = SceneDelegate.swift; sourceTree = "<group>"; };
		5234D26E2C7D3A0C00C8FD82 /* ViewController.swift */ = {isa = PBXFileReference; lastKnownFileType = sourcecode.swift; path = ViewController.swift; sourceTree = "<group>"; };
		5234D2712C7D3A0C00C8FD82 /* Base */ = {isa = PBXFileReference; lastKnownFileType = file.storyboard; name = Base; path = Base.lproj/Main.storyboard; sourceTree = "<group>"; };
		5234D2732C7D3A0E00C8FD82 /* Assets.xcassets */ = {isa = PBXFileReference; lastKnownFileType = folder.assetcatalog; path = Assets.xcassets; sourceTree = "<group>"; };
		5234D2762C7D3A0E00C8FD82 /* Base */ = {isa = PBXFileReference; lastKnownFileType = file.storyboard; name = Base; path = Base.lproj/LaunchScreen.storyboard; sourceTree = "<group>"; };
		5234D2782C7D3A0E00C8FD82 /* Info.plist */ = {isa = PBXFileReference; lastKnownFileType = text.plist.xml; path = Info.plist; sourceTree = "<group>"; };
		5234D27E2C7D3B5E00C8FD82 /* JogosTableViewController.swift */ = {isa = PBXFileReference; lastKnownFileType = sourcecode.swift; path = JogosTableViewController.swift; sourceTree = "<group>"; };
/* End PBXFileReference section */

/* Begin PBXFrameworksBuildPhase section */
		5234D2642C7D3A0C00C8FD82 /* Frameworks */ = {
			isa = PBXFrameworksBuildPhase;
			buildActionMask = 2147483647;
			files = (
			);
			runOnlyForDeploymentPostprocessing = 0;
		};
/* End PBXFrameworksBuildPhase section */

/* Begin PBXGroup section */
		5234D25E2C7D3A0C00C8FD82 = {
			isa = PBXGroup;
			children = (
				5234D2692C7D3A0C00C8FD82 /* Exercicio Fixacacao */,
				5234D2682C7D3A0C00C8FD82 /* Products */,
			);
			sourceTree = "<group>";
		};
		5234D2682C7D3A0C00C8FD82 /* Products */ = {
			isa = PBXGroup;
			children = (
				5234D2672C7D3A0C00C8FD82 /* Exercicio Fixacacao.app */,
			);
			name = Products;
			sourceTree = "<group>";
		};
		5234D2692C7D3A0C00C8FD82 /* Exercicio Fixacacao */ = {
			isa = PBXGroup;
			children = (
				5234D26A2C7D3A0C00C8FD82 /* AppDelegate.swift */,
				5234D26C2C7D3A0C00C8FD82 /* SceneDelegate.swift */,
				5234D26E2C7D3A0C00C8FD82 /* ViewController.swift */,
				5234D2702C7D3A0C00C8FD82 /* Main.storyboard */,
				5234D27E2C7D3B5E00C8FD82 /* JogosTableViewController.swift */,
				5234D2732C7D3A0E00C8FD82 /* Assets.xcassets */,
				5234D2752C7D3A0E00C8FD82 /* LaunchScreen.storyboard */,
				5234D2782C7D3A0E00C8FD82 /* Info.plist */,
			);
			path = "Exercicio Fixacacao";
			sourceTree = "<group>";
		};
/* End PBXGroup section */

/* Begin PBXNativeTarget section */
		5234D2662C7D3A0C00C8FD82 /* Exercicio Fixacacao */ = {
			isa = PBXNativeTarget;
			buildConfigurationList = 5234D27B2C7D3A0E00C8FD82 /* Build configuration list for PBXNativeTarget "Exercicio Fixacacao" */;
			buildPhases = (
				5234D2632C7D3A0C00C8FD82 /* Sources */,
				5234D2642C7D3A0C00C8FD82 /* Frameworks */,
				5234D2652C7D3A0C00C8FD82 /* Resources */,
			);
			buildRules = (
			);
			dependencies = (
			);
			name = "Exercicio Fixacacao";
			productName = "Exercicio Fixacacao";
			productReference = 5234D2672C7D3A0C00C8FD82 /* Exercicio Fixacacao.app */;
			productType = "com.apple.product-type.application";
		};
/* End PBXNativeTarget section */

/* Begin PBXProject section */
		5234D25F2C7D3A0C00C8FD82 /* Project object */ = {
			isa = PBXProject;
			attributes = {
				BuildIndependentTargetsInParallel = 1;
				LastSwiftUpdateCheck = 1520;
				LastUpgradeCheck = 1520;
				TargetAttributes = {
					5234D2662C7D3A0C00C8FD82 = {
						CreatedOnToolsVersion = 15.2;
					};
				};
			};
			buildConfigurationList = 5234D2622C7D3A0C00C8FD82 /* Build configuration list for PBXProject "Exercicio Fixacacao" */;
			compatibilityVersion = "Xcode 14.0";
			developmentRegion = en;
			hasScannedForEncodings = 0;
			knownRegions = (
				en,
				Base,
			);
			mainGroup = 5234D25E2C7D3A0C00C8FD82;
			productRefGroup = 5234D2682C7D3A0C00C8FD82 /* Products */;
			projectDirPath = "";
			projectRoot = "";
			targets = (
				5234D2662C7D3A0C00C8FD82 /* Exercicio Fixacacao */,
			);
		};
/* End PBXProject section */

/* Begin PBXResourcesBuildPhase section */
		5234D2652C7D3A0C00C8FD82 /* Resources */ = {
			isa = PBXResourcesBuildPhase;
			buildActionMask = 2147483647;
			files = (
				5234D2772C7D3A0E00C8FD82 /* LaunchScreen.storyboard in Resources */,
				5234D2742C7D3A0E00C8FD82 /* Assets.xcassets in Resources */,
				5234D2722C7D3A0C00C8FD82 /* Main.storyboard in Resources */,
			);
			runOnlyForDeploymentPostprocessing = 0;
		};
/* End PBXResourcesBuildPhase section */

/* Begin PBXSourcesBuildPhase section */
		5234D2632C7D3A0C00C8FD82 /* Sources */ = {
			isa = PBXSourcesBuildPhase;
			buildActionMask = 2147483647;
			files = (
				5234D26F2C7D3A0C00C8FD82 /* ViewController.swift in Sources */,
				5234D26B2C7D3A0C00C8FD82 /* AppDelegate.swift in Sources */,
				5234D26D2C7D3A0C00C8FD82 /* SceneDelegate.swift in Sources */,
				5234D27F2C7D3B5E00C8FD82 /* JogosTableViewController.swift in Sources */,
			);
			runOnlyForDeploymentPostprocessing = 0;
		};
/* End PBXSourcesBuildPhase section */

/* Begin PBXVariantGroup section */
		5234D2702C7D3A0C00C8FD82 /* Main.storyboard */ = {
			isa = PBXVariantGroup;
			children = (
				5234D2712C7D3A0C00C8FD82 /* Base */,
			);
			name = Main.storyboard;
			sourceTree = "<group>";
		};
		5234D2752C7D3A0E00C8FD82 /* LaunchScreen.storyboard */ = {
			isa = PBXVariantGroup;
			children = (
				5234D2762C7D3A0E00C8FD82 /* Base */,
			);
			name = LaunchScreen.storyboard;
			sourceTree = "<group>";
		};
/* End PBXVariantGroup section */

/* Begin XCBuildConfiguration section */
		5234D2792C7D3A0E00C8FD82 /* Debug */ = {
			isa = XCBuildConfiguration;
			buildSettings = {
				ALWAYS_SEARCH_USER_PATHS = NO;
				ASSETCATALOG_COMPILER_GENERATE_SWIFT_ASSET_SYMBOL_EXTENSIONS = YES;
				CLANG_ANALYZER_NONNULL = YES;
				CLANG_ANALYZER_NUMBER_OBJECT_CONVERSION = YES_AGGRESSIVE;
				CLANG_CXX_LANGUAGE_STANDARD = "gnu++20";
				CLANG_ENABLE_MODULES = YES;
				CLANG_ENABLE_OBJC_ARC = YES;
				CLANG_ENABLE_OBJC_WEAK = YES;
				CLANG_WARN_BLOCK_CAPTURE_AUTORELEASING = YES;
				CLANG_WARN_BOOL_CONVERSION = YES;
				CLANG_WARN_COMMA = YES;
				CLANG_WARN_CONSTANT_CONVERSION = YES;
				CLANG_WARN_DEPRECATED_OBJC_IMPLEMENTATIONS = YES;
				CLANG_WARN_DIRECT_OBJC_ISA_USAGE = YES_ERROR;
				CLANG_WARN_DOCUMENTATION_COMMENTS = YES;
				CLANG_WARN_EMPTY_BODY = YES;
				CLANG_WARN_ENUM_CONVERSION = YES;
				CLANG_WARN_INFINITE_RECURSION = YES;
				CLANG_WARN_INT_CONVERSION = YES;
				CLANG_WARN_NON_LITERAL_NULL_CONVERSION = YES;
				CLANG_WARN_OBJC_IMPLICIT_RETAIN_SELF = YES;
				CLANG_WARN_OBJC_LITERAL_CONVERSION = YES;
				CLANG_WARN_OBJC_ROOT_CLASS = YES_ERROR;
				CLANG_WARN_QUOTED_INCLUDE_IN_FRAMEWORK_HEADER = YES;
				CLANG_WARN_RANGE_LOOP_ANALYSIS = YES;
				CLANG_WARN_STRICT_PROTOTYPES = YES;
				CLANG_WARN_SUSPICIOUS_MOVE = YES;
				CLANG_WARN_UNGUARDED_AVAILABILITY = YES_AGGRESSIVE;
				CLANG_WARN_UNREACHABLE_CODE = YES;
				CLANG_WARN__DUPLICATE_METHOD_MATCH = YES;
				COPY_PHASE_STRIP = NO;
				DEBUG_INFORMATION_FORMAT = dwarf;
				ENABLE_STRICT_OBJC_MSGSEND = YES;
				ENABLE_TESTABILITY = YES;
				ENABLE_USER_SCRIPT_SANDBOXING = YES;
				GCC_C_LANGUAGE_STANDARD = gnu17;
				GCC_DYNAMIC_NO_PIC = NO;
				GCC_NO_COMMON_BLOCKS = YES;
				GCC_OPTIMIZATION_LEVEL = 0;
				GCC_PREPROCESSOR_DEFINITIONS = (
					"DEBUG=1",
					"$(inherited)",
				);
				GCC_WARN_64_TO_32_BIT_CONVERSION = YES;
				GCC_WARN_ABOUT_RETURN_TYPE = YES_ERROR;
				GCC_WARN_UNDECLARED_SELECTOR = YES;
				GCC_WARN_UNINITIALIZED_AUTOS = YES_AGGRESSIVE;
				GCC_WARN_UNUSED_FUNCTION = YES;
				GCC_WARN_UNUSED_VARIABLE = YES;
				IPHONEOS_DEPLOYMENT_TARGET = 17.2;
				LOCALIZATION_PREFERS_STRING_CATALOGS = YES;
				MTL_ENABLE_DEBUG_INFO = INCLUDE_SOURCE;
				MTL_FAST_MATH = YES;
				ONLY_ACTIVE_ARCH = YES;
				SDKROOT = iphoneos;
				SWIFT_ACTIVE_COMPILATION_CONDITIONS = "DEBUG $(inherited)";
				SWIFT_OPTIMIZATION_LEVEL = "-Onone";
			};
			name = Debug;
		};
		5234D27A2C7D3A0E00C8FD82 /* Release */ = {
			isa = XCBuildConfiguration;
			buildSettings = {
				ALWAYS_SEARCH_USER_PATHS = NO;
				ASSETCATALOG_COMPILER_GENERATE_SWIFT_ASSET_SYMBOL_EXTENSIONS = YES;
				CLANG_ANALYZER_NONNULL = YES;
				CLANG_ANALYZER_NUMBER_OBJECT_CONVERSION = YES_AGGRESSIVE;
				CLANG_CXX_LANGUAGE_STANDARD = "gnu++20";
				CLANG_ENABLE_MODULES = YES;
				CLANG_ENABLE_OBJC_ARC = YES;
				CLANG_ENABLE_OBJC_WEAK = YES;
				CLANG_WARN_BLOCK_CAPTURE_AUTORELEASING = YES;
				CLANG_WARN_BOOL_CONVERSION = YES;
				CLANG_WARN_COMMA = YES;
				CLANG_WARN_CONSTANT_CONVERSION = YES;
				CLANG_WARN_DEPRECATED_OBJC_IMPLEMENTATIONS = YES;
				CLANG_WARN_DIRECT_OBJC_ISA_USAGE = YES_ERROR;
				CLANG_WARN_DOCUMENTATION_COMMENTS = YES;
				CLANG_WARN_EMPTY_BODY = YES;
				CLANG_WARN_ENUM_CONVERSION = YES;
				CLANG_WARN_INFINITE_RECURSION = YES;
				CLANG_WARN_INT_CONVERSION = YES;
				CLANG_WARN_NON_LITERAL_NULL_CONVERSION = YES;
				CLANG_WARN_OBJC_IMPLICIT_RETAIN_SELF = YES;
				CLANG_WARN_OBJC_LITERAL_CONVERSION = YES;
				CLANG_WARN_OBJC_ROOT_CLASS = YES_ERROR;
				CLANG_WARN_QUOTED_INCLUDE_IN_FRAMEWORK_HEADER = YES;
				CLANG_WARN_RANGE_LOOP_ANALYSIS = YES;
				CLANG_WARN_STRICT_PROTOTYPES = YES;
				CLANG_WARN_SUSPICIOUS_MOVE = YES;
				CLANG_WARN_UNGUARDED_AVAILABILITY = YES_AGGRESSIVE;
				CLANG_WARN_UNREACHABLE_CODE = YES;
				CLANG_WARN__DUPLICATE_METHOD_MATCH = YES;
				COPY_PHASE_STRIP = NO;
				DEBUG_INFORMATION_FORMAT = "dwarf-with-dsym";
				ENABLE_NS_ASSERTIONS = NO;
				ENABLE_STRICT_OBJC_MSGSEND = YES;
				ENABLE_USER_SCRIPT_SANDBOXING = YES;
				GCC_C_LANGUAGE_STANDARD = gnu17;
				GCC_NO_COMMON_BLOCKS = YES;
				GCC_WARN_64_TO_32_BIT_CONVERSION = YES;
				GCC_WARN_ABOUT_RETURN_TYPE = YES_ERROR;
				GCC_WARN_UNDECLARED_SELECTOR = YES;
				GCC_WARN_UNINITIALIZED_AUTOS = YES_AGGRESSIVE;
				GCC_WARN_UNUSED_FUNCTION = YES;
				GCC_WARN_UNUSED_VARIABLE = YES;
				IPHONEOS_DEPLOYMENT_TARGET = 17.2;
				LOCALIZATION_PREFERS_STRING_CATALOGS = YES;
				MTL_ENABLE_DEBUG_INFO = NO;
				MTL_FAST_MATH = YES;
				SDKROOT = iphoneos;
				SWIFT_COMPILATION_MODE = wholemodule;
				VALIDATE_PRODUCT = YES;
			};
			name = Release;
		};
		5234D27C2C7D3A0E00C8FD82 /* Debug */ = {
			isa = XCBuildConfiguration;
			buildSettings = {
				ASSETCATALOG_COMPILER_APPICON_NAME = AppIcon;
				ASSETCATALOG_COMPILER_GLOBAL_ACCENT_COLOR_NAME = AccentColor;
				CODE_SIGN_STYLE = Automatic;
				CURRENT_PROJECT_VERSION = 1;
				GENERATE_INFOPLIST_FILE = YES;
				INFOPLIST_FILE = "Exercicio Fixacacao/Info.plist";
				INFOPLIST_KEY_UIApplicationSupportsIndirectInputEvents = YES;
				INFOPLIST_KEY_UILaunchStoryboardName = LaunchScreen;
				INFOPLIST_KEY_UIMainStoryboardFile = Main;
				INFOPLIST_KEY_UISupportedInterfaceOrientations_iPad = "UIInterfaceOrientationPortrait UIInterfaceOrientationPortraitUpsideDown UIInterfaceOrientationLandscapeLeft UIInterfaceOrientationLandscapeRight";
				INFOPLIST_KEY_UISupportedInterfaceOrientations_iPhone = "UIInterfaceOrientationPortrait UIInterfaceOrientationLandscapeLeft UIInterfaceOrientationLandscapeRight";
				LD_RUNPATH_SEARCH_PATHS = (
					"$(inherited)",
					"@executable_path/Frameworks",
				);
				MARKETING_VERSION = 1.0;
				PRODUCT_BUNDLE_IDENTIFIER = "br.com.fiap.Exercicio-Fixacacao";
				PRODUCT_NAME = "$(TARGET_NAME)";
				SWIFT_EMIT_LOC_STRINGS = YES;
				SWIFT_VERSION = 5.0;
				TARGETED_DEVICE_FAMILY = "1,2";
			};
			name = Debug;
		};
		5234D27D2C7D3A0E00C8FD82 /* Release */ = {
			isa = XCBuildConfiguration;
			buildSettings = {
				ASSETCATALOG_COMPILER_APPICON_NAME = AppIcon;
				ASSETCATALOG_COMPILER_GLOBAL_ACCENT_COLOR_NAME = AccentColor;
				CODE_SIGN_STYLE = Automatic;
				CURRENT_PROJECT_VERSION = 1;
				GENERATE_INFOPLIST_FILE = YES;
				INFOPLIST_FILE = "Exercicio Fixacacao/Info.plist";
				INFOPLIST_KEY_UIApplicationSupportsIndirectInputEvents = YES;
				INFOPLIST_KEY_UILaunchStoryboardName = LaunchScreen;
				INFOPLIST_KEY_UIMainStoryboardFile = Main;
				INFOPLIST_KEY_UISupportedInterfaceOrientations_iPad = "UIInterfaceOrientationPortrait UIInterfaceOrientationPortraitUpsideDown UIInterfaceOrientationLandscapeLeft UIInterfaceOrientationLandscapeRight";
				INFOPLIST_KEY_UISupportedInterfaceOrientations_iPhone = "UIInterfaceOrientationPortrait UIInterfaceOrientationLandscapeLeft UIInterfaceOrientationLandscapeRight";
				LD_RUNPATH_SEARCH_PATHS = (
					"$(inherited)",
					"@executable_path/Frameworks",
				);
				MARKETING_VERSION = 1.0;
				PRODUCT_BUNDLE_IDENTIFIER = "br.com.fiap.Exercicio-Fixacacao";
				PRODUCT_NAME = "$(TARGET_NAME)";
				SWIFT_EMIT_LOC_STRINGS = YES;
				SWIFT_VERSION = 5.0;
				TARGETED_DEVICE_FAMILY = "1,2";
			};
			name = Release;
		};
/* End XCBuildConfiguration section */

/* Begin XCConfigurationList section */
		5234D2622C7D3A0C00C8FD82 /* Build configuration list for PBXProject "Exercicio Fixacacao" */ = {
			isa = XCConfigurationList;
			buildConfigurations = (
				5234D2792C7D3A0E00C8FD82 /* Debug */,
				5234D27A2C7D3A0E00C8FD82 /* Release */,
			);
			defaultConfigurationIsVisible = 0;
			defaultConfigurationName = Release;
		};
		5234D27B2C7D3A0E00C8FD82 /* Build configuration list for PBXNativeTarget "Exercicio Fixacacao" */ = {
			isa = XCConfigurationList;
			buildConfigurations = (
				5234D27C2C7D3A0E00C8FD82 /* Debug */,
				5234D27D2C7D3A0E00C8FD82 /* Release */,
			);
			defaultConfigurationIsVisible = 0;
			defaultConfigurationName = Release;
		};
/* End XCConfigurationList section */
	};
	rootObject = 5234D25F2C7D3A0C00C8FD82 /* Project object */;
}
